// !$*UTF8*$!
{
	archiveVersion = 1;
	classes = {
	};
	objectVersion = 46;
	objects = {

/* Begin PBXBuildFile section */
		F945A5541412C2BC0058C6A8 /* MessageUI.framework in Frameworks */ = {isa = PBXBuildFile; fileRef = F945A5531412C2BC0058C6A8 /* MessageUI.framework */; };
		F94823581415783900BDF6C0 /* AddressViewReload.png in Resources */ = {isa = PBXBuildFile; fileRef = F948234A1415783900BDF6C0 /* AddressViewReload.png */; };
		F94823591415783900BDF6C0 /* AddressViewReload@2x.png in Resources */ = {isa = PBXBuildFile; fileRef = F948234B1415783900BDF6C0 /* AddressViewReload@2x.png */; };
		F948235A1415783900BDF6C0 /* AddressViewStop.png in Resources */ = {isa = PBXBuildFile; fileRef = F948234C1415783900BDF6C0 /* AddressViewStop.png */; };
		F948235B1415783900BDF6C0 /* AddressViewStop@2x.png in Resources */ = {isa = PBXBuildFile; fileRef = F948234D1415783900BDF6C0 /* AddressViewStop@2x.png */; };
		F948235C1415783900BDF6C0 /* Bookmark.png in Resources */ = {isa = PBXBuildFile; fileRef = F948234E1415783900BDF6C0 /* Bookmark.png */; };
		F948235D1415783900BDF6C0 /* Bookmark@2x.png in Resources */ = {isa = PBXBuildFile; fileRef = F948234F1415783900BDF6C0 /* Bookmark@2x.png */; };
		F948235E1415783900BDF6C0 /* BookmarkSelected.png in Resources */ = {isa = PBXBuildFile; fileRef = F94823501415783900BDF6C0 /* BookmarkSelected.png */; };
		F948235F1415783900BDF6C0 /* BookmarkSelected@2x.png in Resources */ = {isa = PBXBuildFile; fileRef = F94823511415783900BDF6C0 /* BookmarkSelected@2x.png */; };
		F94823601415783900BDF6C0 /* Folder.png in Resources */ = {isa = PBXBuildFile; fileRef = F94823521415783900BDF6C0 /* Folder.png */; };
		F94823611415783900BDF6C0 /* Folder@2x.png in Resources */ = {isa = PBXBuildFile; fileRef = F94823531415783900BDF6C0 /* Folder@2x.png */; };
		F94823621415783900BDF6C0 /* HistoryFolder.png in Resources */ = {isa = PBXBuildFile; fileRef = F94823541415783900BDF6C0 /* HistoryFolder.png */; };
		F94823631415783900BDF6C0 /* HistoryFolder@2x.png in Resources */ = {isa = PBXBuildFile; fileRef = F94823551415783900BDF6C0 /* HistoryFolder@2x.png */; };
		F94823641415783900BDF6C0 /* SmallFolder.png in Resources */ = {isa = PBXBuildFile; fileRef = F94823561415783900BDF6C0 /* SmallFolder.png */; };
		F94823651415783900BDF6C0 /* SmallFolder@2x.png in Resources */ = {isa = PBXBuildFile; fileRef = F94823571415783900BDF6C0 /* SmallFolder@2x.png */; };
		F948237014158E7600BDF6C0 /* AddBookmarkViewController.m in Sources */ = {isa = PBXBuildFile; fileRef = F948236B14158E7500BDF6C0 /* AddBookmarkViewController.m */; };
		F948237114158E7600BDF6C0 /* BookmarkObject.m in Sources */ = {isa = PBXBuildFile; fileRef = F948236D14158E7500BDF6C0 /* BookmarkObject.m */; };
		F948237214158E7600BDF6C0 /* ViewBookmarkViewController.m in Sources */ = {isa = PBXBuildFile; fileRef = F948236F14158E7500BDF6C0 /* ViewBookmarkViewController.m */; };
		F98268CC141419B300659098 /* UnpreventableUILongPressGestureRecognizer.m in Sources */ = {isa = PBXBuildFile; fileRef = F98268CB141419B300659098 /* UnpreventableUILongPressGestureRecognizer.m */; };
		F98C95001410973500C9A937 /* CIALBrowserViewController.m in Sources */ = {isa = PBXBuildFile; fileRef = F98C94F11410973500C9A937 /* CIALBrowserViewController.m */; };
		F98C95031410973500C9A937 /* UIWebViewAdditions.m in Sources */ = {isa = PBXBuildFile; fileRef = F98C94F71410973500C9A937 /* UIWebViewAdditions.m */; };
		F98C951814109AF700C9A937 /* CoreGraphics.framework in Frameworks */ = {isa = PBXBuildFile; fileRef = F98C951714109AF700C9A937 /* CoreGraphics.framework */; };
		F98C954D1411749200C9A937 /* JSTools.js in Resources */ = {isa = PBXBuildFile; fileRef = F98C954B1411734E00C9A937 /* JSTools.js */; };
		F9E3C5D11410965500D44684 /* UIKit.framework in Frameworks */ = {isa = PBXBuildFile; fileRef = F9E3C5D01410965500D44684 /* UIKit.framework */; };
		F9E3C5D31410965500D44684 /* Foundation.framework in Frameworks */ = {isa = PBXBuildFile; fileRef = F9E3C5D21410965500D44684 /* Foundation.framework */; };
		F9E3C5D91410965500D44684 /* InfoPlist.strings in Resources */ = {isa = PBXBuildFile; fileRef = F9E3C5D71410965500D44684 /* InfoPlist.strings */; };
		F9E3C5DB1410965500D44684 /* main.m in Sources */ = {isa = PBXBuildFile; fileRef = F9E3C5DA1410965500D44684 /* main.m */; };
		F9E3C5DF1410965500D44684 /* AppDelegate.m in Sources */ = {isa = PBXBuildFile; fileRef = F9E3C5DE1410965500D44684 /* AppDelegate.m */; };
/* End PBXBuildFile section */

/* Begin PBXFileReference section */
		F945A5531412C2BC0058C6A8 /* MessageUI.framework */ = {isa = PBXFileReference; lastKnownFileType = wrapper.framework; name = MessageUI.framework; path = System/Library/Frameworks/MessageUI.framework; sourceTree = SDKROOT; };
		F948234A1415783900BDF6C0 /* AddressViewReload.png */ = {isa = PBXFileReference; lastKnownFileType = image.png; path = AddressViewReload.png; sourceTree = "<group>"; };
		F948234B1415783900BDF6C0 /* AddressViewReload@2x.png */ = {isa = PBXFileReference; lastKnownFileType = image.png; path = "AddressViewReload@2x.png"; sourceTree = "<group>"; };
		F948234C1415783900BDF6C0 /* AddressViewStop.png */ = {isa = PBXFileReference; lastKnownFileType = image.png; path = AddressViewStop.png; sourceTree = "<group>"; };
		F948234D1415783900BDF6C0 /* AddressViewStop@2x.png */ = {isa = PBXFileReference; lastKnownFileType = image.png; path = "AddressViewStop@2x.png"; sourceTree = "<group>"; };
		F948234E1415783900BDF6C0 /* Bookmark.png */ = {isa = PBXFileReference; lastKnownFileType = image.png; path = Bookmark.png; sourceTree = "<group>"; };
		F948234F1415783900BDF6C0 /* Bookmark@2x.png */ = {isa = PBXFileReference; lastKnownFileType = image.png; path = "Bookmark@2x.png"; sourceTree = "<group>"; };
		F94823501415783900BDF6C0 /* BookmarkSelected.png */ = {isa = PBXFileReference; lastKnownFileType = image.png; path = BookmarkSelected.png; sourceTree = "<group>"; };
		F94823511415783900BDF6C0 /* BookmarkSelected@2x.png */ = {isa = PBXFileReference; lastKnownFileType = image.png; path = "BookmarkSelected@2x.png"; sourceTree = "<group>"; };
		F94823521415783900BDF6C0 /* Folder.png */ = {isa = PBXFileReference; lastKnownFileType = image.png; path = Folder.png; sourceTree = "<group>"; };
		F94823531415783900BDF6C0 /* Folder@2x.png */ = {isa = PBXFileReference; lastKnownFileType = image.png; path = "Folder@2x.png"; sourceTree = "<group>"; };
		F94823541415783900BDF6C0 /* HistoryFolder.png */ = {isa = PBXFileReference; lastKnownFileType = image.png; path = HistoryFolder.png; sourceTree = "<group>"; };
		F94823551415783900BDF6C0 /* HistoryFolder@2x.png */ = {isa = PBXFileReference; lastKnownFileType = image.png; path = "HistoryFolder@2x.png"; sourceTree = "<group>"; };
		F94823561415783900BDF6C0 /* SmallFolder.png */ = {isa = PBXFileReference; lastKnownFileType = image.png; path = SmallFolder.png; sourceTree = "<group>"; };
		F94823571415783900BDF6C0 /* SmallFolder@2x.png */ = {isa = PBXFileReference; lastKnownFileType = image.png; path = "SmallFolder@2x.png"; sourceTree = "<group>"; };
		F948236A14158E7500BDF6C0 /* AddBookmarkViewController.h */ = {isa = PBXFileReference; fileEncoding = 4; lastKnownFileType = sourcecode.c.h; path = AddBookmarkViewController.h; sourceTree = "<group>"; };
		F948236B14158E7500BDF6C0 /* AddBookmarkViewController.m */ = {isa = PBXFileReference; fileEncoding = 4; lastKnownFileType = sourcecode.c.objc; path = AddBookmarkViewController.m; sourceTree = "<group>"; };
		F948236C14158E7500BDF6C0 /* BookmarkObject.h */ = {isa = PBXFileReference; fileEncoding = 4; lastKnownFileType = sourcecode.c.h; path = BookmarkObject.h; sourceTree = "<group>"; };
		F948236D14158E7500BDF6C0 /* BookmarkObject.m */ = {isa = PBXFileReference; fileEncoding = 4; lastKnownFileType = sourcecode.c.objc; path = BookmarkObject.m; sourceTree = "<group>"; };
		F948236E14158E7500BDF6C0 /* ViewBookmarkViewController.h */ = {isa = PBXFileReference; fileEncoding = 4; lastKnownFileType = sourcecode.c.h; path = ViewBookmarkViewController.h; sourceTree = "<group>"; };
		F948236F14158E7500BDF6C0 /* ViewBookmarkViewController.m */ = {isa = PBXFileReference; fileEncoding = 4; lastKnownFileType = sourcecode.c.objc; path = ViewBookmarkViewController.m; sourceTree = "<group>"; };
		F98268CA141419B300659098 /* UnpreventableUILongPressGestureRecognizer.h */ = {isa = PBXFileReference; fileEncoding = 4; lastKnownFileType = sourcecode.c.h; path = UnpreventableUILongPressGestureRecognizer.h; sourceTree = "<group>"; };
		F98268CB141419B300659098 /* UnpreventableUILongPressGestureRecognizer.m */ = {isa = PBXFileReference; fileEncoding = 4; lastKnownFileType = sourcecode.c.objc; path = UnpreventableUILongPressGestureRecognizer.m; sourceTree = "<group>"; };
		F98C94F01410973500C9A937 /* CIALBrowserViewController.h */ = {isa = PBXFileReference; fileEncoding = 4; lastKnownFileType = sourcecode.c.h; path = CIALBrowserViewController.h; sourceTree = "<group>"; };
		F98C94F11410973500C9A937 /* CIALBrowserViewController.m */ = {isa = PBXFileReference; fileEncoding = 4; lastKnownFileType = sourcecode.c.objc; path = CIALBrowserViewController.m; sourceTree = "<group>"; };
		F98C94F61410973500C9A937 /* UIWebViewAdditions.h */ = {isa = PBXFileReference; fileEncoding = 4; lastKnownFileType = sourcecode.c.h; path = UIWebViewAdditions.h; sourceTree = "<group>"; };
		F98C94F71410973500C9A937 /* UIWebViewAdditions.m */ = {isa = PBXFileReference; fileEncoding = 4; lastKnownFileType = sourcecode.c.objc; path = UIWebViewAdditions.m; sourceTree = "<group>"; };
		F98C951714109AF700C9A937 /* CoreGraphics.framework */ = {isa = PBXFileReference; lastKnownFileType = wrapper.framework; name = CoreGraphics.framework; path = System/Library/Frameworks/CoreGraphics.framework; sourceTree = SDKROOT; };
		F98C954B1411734E00C9A937 /* JSTools.js */ = {isa = PBXFileReference; fileEncoding = 4; lastKnownFileType = sourcecode.javascript; path = JSTools.js; sourceTree = "<group>"; };
		F9E3C5CC1410965500D44684 /* CIALBrowserViewControllerDemo.app */ = {isa = PBXFileReference; explicitFileType = wrapper.application; includeInIndex = 0; path = CIALBrowserViewControllerDemo.app; sourceTree = BUILT_PRODUCTS_DIR; };
		F9E3C5D01410965500D44684 /* UIKit.framework */ = {isa = PBXFileReference; lastKnownFileType = wrapper.framework; name = UIKit.framework; path = System/Library/Frameworks/UIKit.framework; sourceTree = SDKROOT; };
		F9E3C5D21410965500D44684 /* Foundation.framework */ = {isa = PBXFileReference; lastKnownFileType = wrapper.framework; name = Foundation.framework; path = System/Library/Frameworks/Foundation.framework; sourceTree = SDKROOT; };
		F9E3C5D61410965500D44684 /* CIALBrowserViewControllerDemo-Info.plist */ = {isa = PBXFileReference; lastKnownFileType = text.plist.xml; path = "CIALBrowserViewControllerDemo-Info.plist"; sourceTree = "<group>"; };
		F9E3C5D81410965500D44684 /* en */ = {isa = PBXFileReference; lastKnownFileType = text.plist.strings; name = en; path = en.lproj/InfoPlist.strings; sourceTree = "<group>"; };
		F9E3C5DA1410965500D44684 /* main.m */ = {isa = PBXFileReference; lastKnownFileType = sourcecode.c.objc; path = main.m; sourceTree = "<group>"; };
		F9E3C5DC1410965500D44684 /* CIALBrowserViewControllerDemo-Prefix.pch */ = {isa = PBXFileReference; lastKnownFileType = sourcecode.c.h; path = "CIALBrowserViewControllerDemo-Prefix.pch"; sourceTree = "<group>"; };
		F9E3C5DD1410965500D44684 /* AppDelegate.h */ = {isa = PBXFileReference; lastKnownFileType = sourcecode.c.h; path = AppDelegate.h; sourceTree = "<group>"; };
		F9E3C5DE1410965500D44684 /* AppDelegate.m */ = {isa = PBXFileReference; lastKnownFileType = sourcecode.c.objc; path = AppDelegate.m; sourceTree = "<group>"; };
/* End PBXFileReference section */

/* Begin PBXFrameworksBuildPhase section */
		F9E3C5C91410965500D44684 /* Frameworks */ = {
			isa = PBXFrameworksBuildPhase;
			buildActionMask = 2147483647;
			files = (
				F9E3C5D11410965500D44684 /* UIKit.framework in Frameworks */,
				F9E3C5D31410965500D44684 /* Foundation.framework in Frameworks */,
				F98C951814109AF700C9A937 /* CoreGraphics.framework in Frameworks */,
				F945A5541412C2BC0058C6A8 /* MessageUI.framework in Frameworks */,
			);
			runOnlyForDeploymentPostprocessing = 0;
		};
/* End PBXFrameworksBuildPhase section */

/* Begin PBXGroup section */
		F98C94EF1410973500C9A937 /* CIALBrowser */ = {
			isa = PBXGroup;
			children = (
				F98C94F01410973500C9A937 /* CIALBrowserViewController.h */,
				F98C94F11410973500C9A937 /* CIALBrowserViewController.m */,
				F98C94F61410973500C9A937 /* UIWebViewAdditions.h */,
				F98C94F71410973500C9A937 /* UIWebViewAdditions.m */,
				F98268CA141419B300659098 /* UnpreventableUILongPressGestureRecognizer.h */,
				F98268CB141419B300659098 /* UnpreventableUILongPressGestureRecognizer.m */,
				F948236C14158E7500BDF6C0 /* BookmarkObject.h */,
				F948236D14158E7500BDF6C0 /* BookmarkObject.m */,
				F948236A14158E7500BDF6C0 /* AddBookmarkViewController.h */,
				F948236B14158E7500BDF6C0 /* AddBookmarkViewController.m */,
				F948236E14158E7500BDF6C0 /* ViewBookmarkViewController.h */,
				F948236F14158E7500BDF6C0 /* ViewBookmarkViewController.m */,
			);
			path = CIALBrowser;
			sourceTree = "<group>";
		};
		F98C952414109FD800C9A937 /* Images */ = {
			isa = PBXGroup;
			children = (
				F948234A1415783900BDF6C0 /* AddressViewReload.png */,
				F948234B1415783900BDF6C0 /* AddressViewReload@2x.png */,
				F948234C1415783900BDF6C0 /* AddressViewStop.png */,
				F948234D1415783900BDF6C0 /* AddressViewStop@2x.png */,
				F948234E1415783900BDF6C0 /* Bookmark.png */,
				F948234F1415783900BDF6C0 /* Bookmark@2x.png */,
				F94823501415783900BDF6C0 /* BookmarkSelected.png */,
				F94823511415783900BDF6C0 /* BookmarkSelected@2x.png */,
				F94823521415783900BDF6C0 /* Folder.png */,
				F94823531415783900BDF6C0 /* Folder@2x.png */,
				F94823541415783900BDF6C0 /* HistoryFolder.png */,
				F94823551415783900BDF6C0 /* HistoryFolder@2x.png */,
				F94823561415783900BDF6C0 /* SmallFolder.png */,
				F94823571415783900BDF6C0 /* SmallFolder@2x.png */,
			);
			path = Images;
			sourceTree = "<group>";
		};
		F9E3C5C11410965400D44684 = {
			isa = PBXGroup;
			children = (
				F9E3C5D41410965500D44684 /* CIALBrowserViewControllerDemo */,
				F9E3C5CF1410965500D44684 /* Frameworks */,
				F9E3C5CD1410965500D44684 /* Products */,
			);
			sourceTree = "<group>";
		};
		F9E3C5CD1410965500D44684 /* Products */ = {
			isa = PBXGroup;
			children = (
				F9E3C5CC1410965500D44684 /* CIALBrowserViewControllerDemo.app */,
			);
			name = Products;
			sourceTree = "<group>";
		};
		F9E3C5CF1410965500D44684 /* Frameworks */ = {
			isa = PBXGroup;
			children = (
				F945A5531412C2BC0058C6A8 /* MessageUI.framework */,
				F98C951714109AF700C9A937 /* CoreGraphics.framework */,
				F9E3C5D01410965500D44684 /* UIKit.framework */,
				F9E3C5D21410965500D44684 /* Foundation.framework */,
			);
			name = Frameworks;
			sourceTree = "<group>";
		};
		F9E3C5D41410965500D44684 /* CIALBrowserViewControllerDemo */ = {
			isa = PBXGroup;
			children = (
				F98C94EF1410973500C9A937 /* CIALBrowser */,
				F9E3C5DD1410965500D44684 /* AppDelegate.h */,
				F9E3C5DE1410965500D44684 /* AppDelegate.m */,
				F9E3C5D51410965500D44684 /* Supporting Files */,
			);
			path = CIALBrowserViewControllerDemo;
			sourceTree = "<group>";
		};
		F9E3C5D51410965500D44684 /* Supporting Files */ = {
			isa = PBXGroup;
			children = (
				F98C954B1411734E00C9A937 /* JSTools.js */,
				F98C952414109FD800C9A937 /* Images */,
				F9E3C5D61410965500D44684 /* CIALBrowserViewControllerDemo-Info.plist */,
				F9E3C5D71410965500D44684 /* InfoPlist.strings */,
				F9E3C5DA1410965500D44684 /* main.m */,
				F9E3C5DC1410965500D44684 /* CIALBrowserViewControllerDemo-Prefix.pch */,
			);
			name = "Supporting Files";
			sourceTree = "<group>";
		};
/* End PBXGroup section */

/* Begin PBXNativeTarget section */
		F9E3C5CB1410965500D44684 /* CIALBrowserViewControllerDemo */ = {
			isa = PBXNativeTarget;
			buildConfigurationList = F9E3C5E21410965500D44684 /* Build configuration list for PBXNativeTarget "CIALBrowserViewControllerDemo" */;
			buildPhases = (
				F9E3C5C81410965500D44684 /* Sources */,
				F9E3C5C91410965500D44684 /* Frameworks */,
				F9E3C5CA1410965500D44684 /* Resources */,
			);
			buildRules = (
			);
			dependencies = (
			);
			name = CIALBrowserViewControllerDemo;
			productName = CIALBrowserViewControllerDemo;
			productReference = F9E3C5CC1410965500D44684 /* CIALBrowserViewControllerDemo.app */;
			productType = "com.apple.product-type.application";
		};
/* End PBXNativeTarget section */

/* Begin PBXProject section */
		F9E3C5C31410965400D44684 /* Project object */ = {
			isa = PBXProject;
			attributes = {
				LastUpgradeCheck = 0420;
			};
			buildConfigurationList = F9E3C5C61410965400D44684 /* Build configuration list for PBXProject "CIALBrowserViewControllerDemo" */;
			compatibilityVersion = "Xcode 3.2";
			developmentRegion = English;
			hasScannedForEncodings = 0;
			knownRegions = (
				en,
			);
			mainGroup = F9E3C5C11410965400D44684;
			productRefGroup = F9E3C5CD1410965500D44684 /* Products */;
			projectDirPath = "";
			projectRoot = "";
			targets = (
				F9E3C5CB1410965500D44684 /* CIALBrowserViewControllerDemo */,
			);
		};
/* End PBXProject section */

/* Begin PBXResourcesBuildPhase section */
		F9E3C5CA1410965500D44684 /* Resources */ = {
			isa = PBXResourcesBuildPhase;
			buildActionMask = 2147483647;
			files = (
				F98C954D1411749200C9A937 /* JSTools.js in Resources */,
				F9E3C5D91410965500D44684 /* InfoPlist.strings in Resources */,
				F94823581415783900BDF6C0 /* AddressViewReload.png in Resources */,
				F94823591415783900BDF6C0 /* AddressViewReload@2x.png in Resources */,
				F948235A1415783900BDF6C0 /* AddressViewStop.png in Resources */,
				F948235B1415783900BDF6C0 /* AddressViewStop@2x.png in Resources */,
				F948235C1415783900BDF6C0 /* Bookmark.png in Resources */,
				F948235D1415783900BDF6C0 /* Bookmark@2x.png in Resources */,
				F948235E1415783900BDF6C0 /* BookmarkSelected.png in Resources */,
				F948235F1415783900BDF6C0 /* BookmarkSelected@2x.png in Resources */,
				F94823601415783900BDF6C0 /* Folder.png in Resources */,
				F94823611415783900BDF6C0 /* Folder@2x.png in Resources */,
				F94823621415783900BDF6C0 /* HistoryFolder.png in Resources */,
				F94823631415783900BDF6C0 /* HistoryFolder@2x.png in Resources */,
				F94823641415783900BDF6C0 /* SmallFolder.png in Resources */,
				F94823651415783900BDF6C0 /* SmallFolder@2x.png in Resources */,
			);
			runOnlyForDeploymentPostprocessing = 0;
		};
/* End PBXResourcesBuildPhase section */

/* Begin PBXSourcesBuildPhase section */
		F9E3C5C81410965500D44684 /* Sources */ = {
			isa = PBXSourcesBuildPhase;
			buildActionMask = 2147483647;
			files = (
				F9E3C5DB1410965500D44684 /* main.m in Sources */,
				F9E3C5DF1410965500D44684 /* AppDelegate.m in Sources */,
				F98C95001410973500C9A937 /* CIALBrowserViewController.m in Sources */,
				F98C95031410973500C9A937 /* UIWebViewAdditions.m in Sources */,
				F98268CC141419B300659098 /* UnpreventableUILongPressGestureRecognizer.m in Sources */,
				F948237014158E7600BDF6C0 /* AddBookmarkViewController.m in Sources */,
				F948237114158E7600BDF6C0 /* BookmarkObject.m in Sources */,
				F948237214158E7600BDF6C0 /* ViewBookmarkViewController.m in Sources */,
			);
			runOnlyForDeploymentPostprocessing = 0;
		};
/* End PBXSourcesBuildPhase section */

/* Begin PBXVariantGroup section */
		F9E3C5D71410965500D44684 /* InfoPlist.strings */ = {
			isa = PBXVariantGroup;
			children = (
				F9E3C5D81410965500D44684 /* en */,
			);
			name = InfoPlist.strings;
			sourceTree = "<group>";
		};
/* End PBXVariantGroup section */

/* Begin XCBuildConfiguration section */
		F9E3C5E01410965500D44684 /* Debug */ = {
			isa = XCBuildConfiguration;
			buildSettings = {
				ALWAYS_SEARCH_USER_PATHS = NO;
				ARCHS = "$(ARCHS_STANDARD_32_BIT)";
				"CODE_SIGN_IDENTITY[sdk=iphoneos*]" = "iPhone Developer";
				COPY_PHASE_STRIP = NO;
				GCC_C_LANGUAGE_STANDARD = gnu99;
				GCC_DYNAMIC_NO_PIC = NO;
				GCC_OPTIMIZATION_LEVEL = 0;
				GCC_PREPROCESSOR_DEFINITIONS = (
					"DEBUG=1",
					"$(inherited)",
				);
				GCC_SYMBOLS_PRIVATE_EXTERN = NO;
				GCC_VERSION = com.apple.compilers.llvm.clang.1_0;
				GCC_WARN_ABOUT_MISSING_PROTOTYPES = YES;
				GCC_WARN_ABOUT_RETURN_TYPE = YES;
				GCC_WARN_UNUSED_VARIABLE = YES;
				IPHONEOS_DEPLOYMENT_TARGET = 4.0;
				SDKROOT = iphoneos;
				TARGETED_DEVICE_FAMILY = "1,2";
			};
			name = Debug;
		};
		F9E3C5E11410965500D44684 /* Release */ = {
			isa = XCBuildConfiguration;
			buildSettings = {
				ALWAYS_SEARCH_USER_PATHS = NO;
				ARCHS = "$(ARCHS_STANDARD_32_BIT)";
				"CODE_SIGN_IDENTITY[sdk=iphoneos*]" = "iPhone Developer";
				COPY_PHASE_STRIP = YES;
				GCC_C_LANGUAGE_STANDARD = gnu99;
				GCC_VERSION = com.apple.compilers.llvm.clang.1_0;
				GCC_WARN_ABOUT_MISSING_PROTOTYPES = YES;
				GCC_WARN_ABOUT_RETURN_TYPE = YES;
				GCC_WARN_UNUSED_VARIABLE = YES;
				IPHONEOS_DEPLOYMENT_TARGET = 4.0;
				OTHER_CFLAGS = "-DNS_BLOCK_ASSERTIONS=1";
				SDKROOT = iphoneos;
				TARGETED_DEVICE_FAMILY = "1,2";
				VALIDATE_PRODUCT = YES;
			};
			name = Release;
		};
		F9E3C5E31410965500D44684 /* Debug */ = {
			isa = XCBuildConfiguration;
			buildSettings = {
				GCC_PRECOMPILE_PREFIX_HEADER = YES;
				GCC_PREFIX_HEADER = "CIALBrowserViewControllerDemo/CIALBrowserViewControllerDemo-Prefix.pch";
				INFOPLIST_FILE = "CIALBrowserViewControllerDemo/CIALBrowserViewControllerDemo-Info.plist";
				IPHONEOS_DEPLOYMENT_TARGET = 4.0;
				PRODUCT_NAME = "$(TARGET_NAME)";
				WRAPPER_EXTENSION = app;
			};
			name = Debug;
		};
		F9E3C5E41410965500D44684 /* Release */ = {
			isa = XCBuildConfiguration;
			buildSettings = {
				GCC_PRECOMPILE_PREFIX_HEADER = YES;
				GCC_PREFIX_HEADER = "CIALBrowserViewControllerDemo/CIALBrowserViewControllerDemo-Prefix.pch";
				INFOPLIST_FILE = "CIALBrowserViewControllerDemo/CIALBrowserViewControllerDemo-Info.plist";
				IPHONEOS_DEPLOYMENT_TARGET = 4.0;
				PRODUCT_NAME = "$(TARGET_NAME)";
				WRAPPER_EXTENSION = app;
			};
			name = Release;
		};
/* End XCBuildConfiguration section */

/* Begin XCConfigurationList section */
		F9E3C5C61410965400D44684 /* Build configuration list for PBXProject "CIALBrowserViewControllerDemo" */ = {
			isa = XCConfigurationList;
			buildConfigurations = (
				F9E3C5E01410965500D44684 /* Debug */,
				F9E3C5E11410965500D44684 /* Release */,
			);
			defaultConfigurationIsVisible = 0;
			defaultConfigurationName = Release;
		};
		F9E3C5E21410965500D44684 /* Build configuration list for PBXNativeTarget "CIALBrowserViewControllerDemo" */ = {
			isa = XCConfigurationList;
			buildConfigurations = (
				F9E3C5E31410965500D44684 /* Debug */,
				F9E3C5E41410965500D44684 /* Release */,
			);
			defaultConfigurationIsVisible = 0;
			defaultConfigurationName = Release;
		};
/* End XCConfigurationList section */
	};
	rootObject = F9E3C5C31410965400D44684 /* Project object */;
}
