// !$*UTF8*$!
{
	archiveVersion = 1;
	classes = {
	};
	objectVersion = 46;
	objects = {

/* Begin PBXBuildFile section */
		46031DA51520BC8100DB9AF7 /* AddBookmarkViewController.m in Sources */ = {isa = PBXBuildFile; fileRef = 46031D831520BC8100DB9AF7 /* AddBookmarkViewController.m */; };
		46031DA61520BC8100DB9AF7 /* BookmarkObject.m in Sources */ = {isa = PBXBuildFile; fileRef = 46031D851520BC8100DB9AF7 /* BookmarkObject.m */; };
		46031DA71520BC8100DB9AF7 /* CIALBrowserViewController.m in Sources */ = {isa = PBXBuildFile; fileRef = 46031D871520BC8100DB9AF7 /* CIALBrowserViewController.m */; };
		46031DA81520BC8100DB9AF7 /* EditBookmarkViewController.m in Sources */ = {isa = PBXBuildFile; fileRef = 46031D891520BC8100DB9AF7 /* EditBookmarkViewController.m */; };
		46031DBC1520BC8100DB9AF7 /* UIWebViewAdditions.m in Sources */ = {isa = PBXBuildFile; fileRef = 46031DA01520BC8100DB9AF7 /* UIWebViewAdditions.m */; };
		46031DBD1520BC8100DB9AF7 /* UnpreventableUILongPressGestureRecognizer.m in Sources */ = {isa = PBXBuildFile; fileRef = 46031DA21520BC8100DB9AF7 /* UnpreventableUILongPressGestureRecognizer.m */; };
		46031DBE1520BC8100DB9AF7 /* ViewBookmarkViewController.m in Sources */ = {isa = PBXBuildFile; fileRef = 46031DA41520BC8100DB9AF7 /* ViewBookmarkViewController.m */; };
		4674540515176EEC00638AEC /* UIKit.framework in Frameworks */ = {isa = PBXBuildFile; fileRef = 4674540415176EEC00638AEC /* UIKit.framework */; };
		4674540715176EEC00638AEC /* Foundation.framework in Frameworks */ = {isa = PBXBuildFile; fileRef = 4674540615176EEC00638AEC /* Foundation.framework */; };
		4674540915176EEC00638AEC /* CoreGraphics.framework in Frameworks */ = {isa = PBXBuildFile; fileRef = 4674540815176EEC00638AEC /* CoreGraphics.framework */; };
		4674540F15176EEC00638AEC /* InfoPlist.strings in Resources */ = {isa = PBXBuildFile; fileRef = 4674540D15176EEC00638AEC /* InfoPlist.strings */; };
		4674541115176EEC00638AEC /* main.m in Sources */ = {isa = PBXBuildFile; fileRef = 4674541015176EEC00638AEC /* main.m */; };
		4674541515176EEC00638AEC /* AppDelegate.m in Sources */ = {isa = PBXBuildFile; fileRef = 4674541415176EEC00638AEC /* AppDelegate.m */; };
		4674541815176EEC00638AEC /* ViewController.m in Sources */ = {isa = PBXBuildFile; fileRef = 4674541715176EEC00638AEC /* ViewController.m */; };
		4674541B15176EEC00638AEC /* ViewController.xib in Resources */ = {isa = PBXBuildFile; fileRef = 4674541915176EEC00638AEC /* ViewController.xib */; };
		4674545F1517710800638AEC /* MessageUI.framework in Frameworks */ = {isa = PBXBuildFile; fileRef = 4674545E1517710800638AEC /* MessageUI.framework */; };
		467454621517793C00638AEC /* ViewController_ipad.xib in Resources */ = {isa = PBXBuildFile; fileRef = 467454601517793C00638AEC /* ViewController_ipad.xib */; };
		F99D7ADF15225F7C00E73F4E /* CIALBrowser.bundle in Resources */ = {isa = PBXBuildFile; fileRef = F99D7ADE15225F7C00E73F4E /* CIALBrowser.bundle */; };
		F99D7AF21522731D00E73F4E /* CIALBrowser.m in Sources */ = {isa = PBXBuildFile; fileRef = F99D7AF01522731D00E73F4E /* CIALBrowser.m */; };
		F9D1D38A1523AEEC00DCF976 /* Localizable.strings in Resources */ = {isa = PBXBuildFile; fileRef = F9D1D3881523AEEC00DCF976 /* Localizable.strings */; };
		F9D1D38D1523AEFD00DCF976 /* Localizable.strings in Resources */ = {isa = PBXBuildFile; fileRef = F9D1D3881523AEEC00DCF976 /* Localizable.strings */; };
/* End PBXBuildFile section */

/* Begin PBXFileReference section */
		46031D821520BC8100DB9AF7 /* AddBookmarkViewController.h */ = {isa = PBXFileReference; fileEncoding = 4; lastKnownFileType = sourcecode.c.h; path = AddBookmarkViewController.h; sourceTree = "<group>"; };
		46031D831520BC8100DB9AF7 /* AddBookmarkViewController.m */ = {isa = PBXFileReference; fileEncoding = 4; lastKnownFileType = sourcecode.c.objc; path = AddBookmarkViewController.m; sourceTree = "<group>"; };
		46031D841520BC8100DB9AF7 /* BookmarkObject.h */ = {isa = PBXFileReference; fileEncoding = 4; lastKnownFileType = sourcecode.c.h; path = BookmarkObject.h; sourceTree = "<group>"; };
		46031D851520BC8100DB9AF7 /* BookmarkObject.m */ = {isa = PBXFileReference; fileEncoding = 4; lastKnownFileType = sourcecode.c.objc; path = BookmarkObject.m; sourceTree = "<group>"; };
		46031D861520BC8100DB9AF7 /* CIALBrowserViewController.h */ = {isa = PBXFileReference; fileEncoding = 4; lastKnownFileType = sourcecode.c.h; path = CIALBrowserViewController.h; sourceTree = "<group>"; };
		46031D871520BC8100DB9AF7 /* CIALBrowserViewController.m */ = {isa = PBXFileReference; fileEncoding = 4; lastKnownFileType = sourcecode.c.objc; path = CIALBrowserViewController.m; sourceTree = "<group>"; };
		46031D881520BC8100DB9AF7 /* EditBookmarkViewController.h */ = {isa = PBXFileReference; fileEncoding = 4; lastKnownFileType = sourcecode.c.h; path = EditBookmarkViewController.h; sourceTree = "<group>"; };
		46031D891520BC8100DB9AF7 /* EditBookmarkViewController.m */ = {isa = PBXFileReference; fileEncoding = 4; lastKnownFileType = sourcecode.c.objc; path = EditBookmarkViewController.m; sourceTree = "<group>"; };
		46031D9F1520BC8100DB9AF7 /* UIWebViewAdditions.h */ = {isa = PBXFileReference; fileEncoding = 4; lastKnownFileType = sourcecode.c.h; path = UIWebViewAdditions.h; sourceTree = "<group>"; };
		46031DA01520BC8100DB9AF7 /* UIWebViewAdditions.m */ = {isa = PBXFileReference; fileEncoding = 4; lastKnownFileType = sourcecode.c.objc; path = UIWebViewAdditions.m; sourceTree = "<group>"; };
		46031DA11520BC8100DB9AF7 /* UnpreventableUILongPressGestureRecognizer.h */ = {isa = PBXFileReference; fileEncoding = 4; lastKnownFileType = sourcecode.c.h; path = UnpreventableUILongPressGestureRecognizer.h; sourceTree = "<group>"; };
		46031DA21520BC8100DB9AF7 /* UnpreventableUILongPressGestureRecognizer.m */ = {isa = PBXFileReference; fileEncoding = 4; lastKnownFileType = sourcecode.c.objc; path = UnpreventableUILongPressGestureRecognizer.m; sourceTree = "<group>"; };
		46031DA31520BC8100DB9AF7 /* ViewBookmarkViewController.h */ = {isa = PBXFileReference; fileEncoding = 4; lastKnownFileType = sourcecode.c.h; path = ViewBookmarkViewController.h; sourceTree = "<group>"; };
		46031DA41520BC8100DB9AF7 /* ViewBookmarkViewController.m */ = {isa = PBXFileReference; fileEncoding = 4; lastKnownFileType = sourcecode.c.objc; path = ViewBookmarkViewController.m; sourceTree = "<group>"; };
		4662A295152B1EB100C423BD /* ja */ = {isa = PBXFileReference; lastKnownFileType = text.plist.strings; name = ja; path = ja.lproj/Localizable.strings; sourceTree = "<group>"; };
		4674540015176EEC00638AEC /* CIALBrowserAsModal.app */ = {isa = PBXFileReference; explicitFileType = wrapper.application; includeInIndex = 0; path = CIALBrowserAsModal.app; sourceTree = BUILT_PRODUCTS_DIR; };
		4674540415176EEC00638AEC /* UIKit.framework */ = {isa = PBXFileReference; lastKnownFileType = wrapper.framework; name = UIKit.framework; path = System/Library/Frameworks/UIKit.framework; sourceTree = SDKROOT; };
		4674540615176EEC00638AEC /* Foundation.framework */ = {isa = PBXFileReference; lastKnownFileType = wrapper.framework; name = Foundation.framework; path = System/Library/Frameworks/Foundation.framework; sourceTree = SDKROOT; };
		4674540815176EEC00638AEC /* CoreGraphics.framework */ = {isa = PBXFileReference; lastKnownFileType = wrapper.framework; name = CoreGraphics.framework; path = System/Library/Frameworks/CoreGraphics.framework; sourceTree = SDKROOT; };
		4674540C15176EEC00638AEC /* CIALBrowserAsModal-Info.plist */ = {isa = PBXFileReference; lastKnownFileType = text.plist.xml; path = "CIALBrowserAsModal-Info.plist"; sourceTree = "<group>"; };
		4674540E15176EEC00638AEC /* en */ = {isa = PBXFileReference; lastKnownFileType = text.plist.strings; name = en; path = en.lproj/InfoPlist.strings; sourceTree = "<group>"; };
		4674541015176EEC00638AEC /* main.m */ = {isa = PBXFileReference; lastKnownFileType = sourcecode.c.objc; path = main.m; sourceTree = "<group>"; };
		4674541215176EEC00638AEC /* CIALBrowserAsModal-Prefix.pch */ = {isa = PBXFileReference; lastKnownFileType = sourcecode.c.h; path = "CIALBrowserAsModal-Prefix.pch"; sourceTree = "<group>"; };
		4674541315176EEC00638AEC /* AppDelegate.h */ = {isa = PBXFileReference; lastKnownFileType = sourcecode.c.h; path = AppDelegate.h; sourceTree = "<group>"; };
		4674541415176EEC00638AEC /* AppDelegate.m */ = {isa = PBXFileReference; lastKnownFileType = sourcecode.c.objc; path = AppDelegate.m; sourceTree = "<group>"; };
		4674541615176EEC00638AEC /* ViewController.h */ = {isa = PBXFileReference; lastKnownFileType = sourcecode.c.h; path = ViewController.h; sourceTree = "<group>"; };
		4674541715176EEC00638AEC /* ViewController.m */ = {isa = PBXFileReference; lastKnownFileType = sourcecode.c.objc; path = ViewController.m; sourceTree = "<group>"; };
		4674541A15176EEC00638AEC /* en */ = {isa = PBXFileReference; lastKnownFileType = file.xib; name = en; path = en.lproj/ViewController.xib; sourceTree = "<group>"; };
		4674545E1517710800638AEC /* MessageUI.framework */ = {isa = PBXFileReference; lastKnownFileType = wrapper.framework; name = MessageUI.framework; path = System/Library/Frameworks/MessageUI.framework; sourceTree = SDKROOT; };
		467454611517793C00638AEC /* en */ = {isa = PBXFileReference; lastKnownFileType = file.xib; name = en; path = CIALBrowserAsModal/en.lproj/ViewController_ipad.xib; sourceTree = SOURCE_ROOT; };
		F99D7ADE15225F7C00E73F4E /* CIALBrowser.bundle */ = {isa = PBXFileReference; lastKnownFileType = "wrapper.plug-in"; path = CIALBrowser.bundle; sourceTree = "<group>"; };
		F99D7AF01522731D00E73F4E /* CIALBrowser.m */ = {isa = PBXFileReference; fileEncoding = 4; lastKnownFileType = sourcecode.c.objc; path = CIALBrowser.m; sourceTree = "<group>"; };
		F99D7AF11522731D00E73F4E /* CIALBrowser.h */ = {isa = PBXFileReference; fileEncoding = 4; lastKnownFileType = sourcecode.c.h; path = CIALBrowser.h; sourceTree = "<group>"; };
		F9D1D3891523AEEC00DCF976 /* en */ = {isa = PBXFileReference; lastKnownFileType = text.plist.strings; name = en; path = en.lproj/Localizable.strings; sourceTree = "<group>"; };
		F9D1D38C1523AEFD00DCF976 /* fr */ = {isa = PBXFileReference; lastKnownFileType = text.plist.strings; name = fr; path = fr.lproj/Localizable.strings; sourceTree = "<group>"; };
/* End PBXFileReference section */

/* Begin PBXFrameworksBuildPhase section */
		467453FD15176EEC00638AEC /* Frameworks */ = {
			isa = PBXFrameworksBuildPhase;
			buildActionMask = 2147483647;
			files = (
				4674545F1517710800638AEC /* MessageUI.framework in Frameworks */,
				4674540515176EEC00638AEC /* UIKit.framework in Frameworks */,
				4674540715176EEC00638AEC /* Foundation.framework in Frameworks */,
				4674540915176EEC00638AEC /* CoreGraphics.framework in Frameworks */,
			);
			runOnlyForDeploymentPostprocessing = 0;
		};
/* End PBXFrameworksBuildPhase section */

/* Begin PBXGroup section */
		46031D811520BC8100DB9AF7 /* CIALBrowser */ = {
			isa = PBXGroup;
			children = (
				F99D7AF11522731D00E73F4E /* CIALBrowser.h */,
				F99D7AF01522731D00E73F4E /* CIALBrowser.m */,
				F99D7ADE15225F7C00E73F4E /* CIALBrowser.bundle */,
				46031D821520BC8100DB9AF7 /* AddBookmarkViewController.h */,
				46031D831520BC8100DB9AF7 /* AddBookmarkViewController.m */,
				46031D841520BC8100DB9AF7 /* BookmarkObject.h */,
				46031D851520BC8100DB9AF7 /* BookmarkObject.m */,
				46031D861520BC8100DB9AF7 /* CIALBrowserViewController.h */,
				46031D871520BC8100DB9AF7 /* CIALBrowserViewController.m */,
				46031D881520BC8100DB9AF7 /* EditBookmarkViewController.h */,
				46031D891520BC8100DB9AF7 /* EditBookmarkViewController.m */,
				46031D9F1520BC8100DB9AF7 /* UIWebViewAdditions.h */,
				46031DA01520BC8100DB9AF7 /* UIWebViewAdditions.m */,
				46031DA11520BC8100DB9AF7 /* UnpreventableUILongPressGestureRecognizer.h */,
				46031DA21520BC8100DB9AF7 /* UnpreventableUILongPressGestureRecognizer.m */,
				46031DA31520BC8100DB9AF7 /* ViewBookmarkViewController.h */,
				46031DA41520BC8100DB9AF7 /* ViewBookmarkViewController.m */,
			);
			name = CIALBrowser;
			path = ../../CIALBrowser;
			sourceTree = "<group>";
		};
		467453F515176EEB00638AEC = {
			isa = PBXGroup;
			children = (
				46031D811520BC8100DB9AF7 /* CIALBrowser */,
				4674540A15176EEC00638AEC /* CIALBrowserAsModal */,
				4674540315176EEC00638AEC /* Frameworks */,
				4674540115176EEC00638AEC /* Products */,
			);
			sourceTree = "<group>";
		};
		4674540115176EEC00638AEC /* Products */ = {
			isa = PBXGroup;
			children = (
				4674540015176EEC00638AEC /* CIALBrowserAsModal.app */,
			);
			name = Products;
			sourceTree = "<group>";
		};
		4674540315176EEC00638AEC /* Frameworks */ = {
			isa = PBXGroup;
			children = (
				4674545E1517710800638AEC /* MessageUI.framework */,
				4674540415176EEC00638AEC /* UIKit.framework */,
				4674540615176EEC00638AEC /* Foundation.framework */,
				4674540815176EEC00638AEC /* CoreGraphics.framework */,
			);
			name = Frameworks;
			sourceTree = "<group>";
		};
		4674540A15176EEC00638AEC /* CIALBrowserAsModal */ = {
			isa = PBXGroup;
			children = (
				467454601517793C00638AEC /* ViewController_ipad.xib */,
				4674541315176EEC00638AEC /* AppDelegate.h */,
				4674541415176EEC00638AEC /* AppDelegate.m */,
				4674541615176EEC00638AEC /* ViewController.h */,
				4674541715176EEC00638AEC /* ViewController.m */,
				4674541915176EEC00638AEC /* ViewController.xib */,
				4674540B15176EEC00638AEC /* Supporting Files */,
			);
			path = CIALBrowserAsModal;
			sourceTree = "<group>";
		};
		4674540B15176EEC00638AEC /* Supporting Files */ = {
			isa = PBXGroup;
			children = (
				F9D1D3881523AEEC00DCF976 /* Localizable.strings */,
				4674540C15176EEC00638AEC /* CIALBrowserAsModal-Info.plist */,
				4674540D15176EEC00638AEC /* InfoPlist.strings */,
				4674541015176EEC00638AEC /* main.m */,
				4674541215176EEC00638AEC /* CIALBrowserAsModal-Prefix.pch */,
			);
			name = "Supporting Files";
			sourceTree = "<group>";
		};
/* End PBXGroup section */

/* Begin PBXNativeTarget section */
		467453FF15176EEC00638AEC /* CIALBrowserAsModal */ = {
			isa = PBXNativeTarget;
			buildConfigurationList = 4674541E15176EEC00638AEC /* Build configuration list for PBXNativeTarget "CIALBrowserAsModal" */;
			buildPhases = (
				467453FC15176EEC00638AEC /* Sources */,
				467453FD15176EEC00638AEC /* Frameworks */,
				467453FE15176EEC00638AEC /* Resources */,
			);
			buildRules = (
			);
			dependencies = (
			);
			name = CIALBrowserAsModal;
			productName = CIALBrowserAsModal;
			productReference = 4674540015176EEC00638AEC /* CIALBrowserAsModal.app */;
			productType = "com.apple.product-type.application";
		};
/* End PBXNativeTarget section */

/* Begin PBXProject section */
		467453F715176EEB00638AEC /* Project object */ = {
			isa = PBXProject;
			attributes = {
				LastUpgradeCheck = 0430;
				ORGANIZATIONNAME = "ITO SOFT DESIGN Inc.";
			};
			buildConfigurationList = 467453FA15176EEB00638AEC /* Build configuration list for PBXProject "CIALBrowserAsModal" */;
			compatibilityVersion = "Xcode 3.2";
			developmentRegion = English;
			hasScannedForEncodings = 0;
			knownRegions = (
				en,
				fr,
				ja,
			);
			mainGroup = 467453F515176EEB00638AEC;
			productRefGroup = 4674540115176EEC00638AEC /* Products */;
			projectDirPath = "";
			projectRoot = "";
			targets = (
				467453FF15176EEC00638AEC /* CIALBrowserAsModal */,
			);
		};
/* End PBXProject section */

/* Begin PBXResourcesBuildPhase section */
		467453FE15176EEC00638AEC /* Resources */ = {
			isa = PBXResourcesBuildPhase;
			buildActionMask = 2147483647;
			files = (
				4674540F15176EEC00638AEC /* InfoPlist.strings in Resources */,
				4674541B15176EEC00638AEC /* ViewController.xib in Resources */,
				467454621517793C00638AEC /* ViewController_ipad.xib in Resources */,
				F99D7ADF15225F7C00E73F4E /* CIALBrowser.bundle in Resources */,
				F9D1D38A1523AEEC00DCF976 /* Localizable.strings in Resources */,
				F9D1D38D1523AEFD00DCF976 /* Localizable.strings in Resources */,
			);
			runOnlyForDeploymentPostprocessing = 0;
		};
/* End PBXResourcesBuildPhase section */

/* Begin PBXSourcesBuildPhase section */
		467453FC15176EEC00638AEC /* Sources */ = {
			isa = PBXSourcesBuildPhase;
			buildActionMask = 2147483647;
			files = (
				4674541115176EEC00638AEC /* main.m in Sources */,
				4674541515176EEC00638AEC /* AppDelegate.m in Sources */,
				4674541815176EEC00638AEC /* ViewController.m in Sources */,
				46031DA51520BC8100DB9AF7 /* AddBookmarkViewController.m in Sources */,
				46031DA61520BC8100DB9AF7 /* BookmarkObject.m in Sources */,
				46031DA71520BC8100DB9AF7 /* CIALBrowserViewController.m in Sources */,
				46031DA81520BC8100DB9AF7 /* EditBookmarkViewController.m in Sources */,
				46031DBC1520BC8100DB9AF7 /* UIWebViewAdditions.m in Sources */,
				46031DBD1520BC8100DB9AF7 /* UnpreventableUILongPressGestureRecognizer.m in Sources */,
				46031DBE1520BC8100DB9AF7 /* ViewBookmarkViewController.m in Sources */,
				F99D7AF21522731D00E73F4E /* CIALBrowser.m in Sources */,
			);
			runOnlyForDeploymentPostprocessing = 0;
		};
/* End PBXSourcesBuildPhase section */

/* Begin PBXVariantGroup section */
		4674540D15176EEC00638AEC /* InfoPlist.strings */ = {
			isa = PBXVariantGroup;
			children = (
				4674540E15176EEC00638AEC /* en */,
			);
			name = InfoPlist.strings;
			sourceTree = "<group>";
		};
		4674541915176EEC00638AEC /* ViewController.xib */ = {
			isa = PBXVariantGroup;
			children = (
				4674541A15176EEC00638AEC /* en */,
			);
			name = ViewController.xib;
			sourceTree = "<group>";
		};
		467454601517793C00638AEC /* ViewController_ipad.xib */ = {
			isa = PBXVariantGroup;
			children = (
				467454611517793C00638AEC /* en */,
			);
			name = ViewController_ipad.xib;
			path = ../../../CIALBrowserViewControllerDemo/CIALBrowser;
			sourceTree = "<group>";
		};
		F9D1D3881523AEEC00DCF976 /* Localizable.strings */ = {
			isa = PBXVariantGroup;
			children = (
				F9D1D3891523AEEC00DCF976 /* en */,
				F9D1D38C1523AEFD00DCF976 /* fr */,
				4662A295152B1EB100C423BD /* ja */,
			);
			name = Localizable.strings;
			sourceTree = "<group>";
		};
/* End PBXVariantGroup section */

/* Begin XCBuildConfiguration section */
		4674541C15176EEC00638AEC /* Debug */ = {
			isa = XCBuildConfiguration;
			buildSettings = {
				ALWAYS_SEARCH_USER_PATHS = NO;
				ARCHS = "$(ARCHS_STANDARD_32_BIT)";
				"CODE_SIGN_IDENTITY[sdk=iphoneos*]" = "iPhone Developer";
				COPY_PHASE_STRIP = NO;
				GCC_C_LANGUAGE_STANDARD = gnu99;
				GCC_DYNAMIC_NO_PIC = NO;
				GCC_OPTIMIZATION_LEVEL = 0;
				GCC_PREPROCESSOR_DEFINITIONS = (
					"DEBUG=1",
					"$(inherited)",
				);
				GCC_SYMBOLS_PRIVATE_EXTERN = NO;
				GCC_VERSION = com.apple.compilers.llvm.clang.1_0;
				GCC_WARN_ABOUT_RETURN_TYPE = YES;
				GCC_WARN_UNINITIALIZED_AUTOS = YES;
				GCC_WARN_UNUSED_VARIABLE = YES;
				IPHONEOS_DEPLOYMENT_TARGET = 5.1;
				SDKROOT = iphoneos;
			};
			name = Debug;
		};
		4674541D15176EEC00638AEC /* Release */ = {
			isa = XCBuildConfiguration;
			buildSettings = {
				ALWAYS_SEARCH_USER_PATHS = NO;
				ARCHS = "$(ARCHS_STANDARD_32_BIT)";
				"CODE_SIGN_IDENTITY[sdk=iphoneos*]" = "iPhone Developer";
				COPY_PHASE_STRIP = YES;
				GCC_C_LANGUAGE_STANDARD = gnu99;
				GCC_VERSION = com.apple.compilers.llvm.clang.1_0;
				GCC_WARN_ABOUT_RETURN_TYPE = YES;
				GCC_WARN_UNINITIALIZED_AUTOS = YES;
				GCC_WARN_UNUSED_VARIABLE = YES;
				IPHONEOS_DEPLOYMENT_TARGET = 5.1;
				OTHER_CFLAGS = "-DNS_BLOCK_ASSERTIONS=1";
				SDKROOT = iphoneos;
				VALIDATE_PRODUCT = YES;
			};
			name = Release;
		};
		4674541F15176EEC00638AEC /* Debug */ = {
			isa = XCBuildConfiguration;
			buildSettings = {
				GCC_PRECOMPILE_PREFIX_HEADER = YES;
				GCC_PREFIX_HEADER = "CIALBrowserAsModal/CIALBrowserAsModal-Prefix.pch";
				INFOPLIST_FILE = "CIALBrowserAsModal/CIALBrowserAsModal-Info.plist";
				IPHONEOS_DEPLOYMENT_TARGET = 5.1;
				PRODUCT_NAME = "$(TARGET_NAME)";
				TARGETED_DEVICE_FAMILY = "1,2";
				WRAPPER_EXTENSION = app;
			};
			name = Debug;
		};
		4674542015176EEC00638AEC /* Release */ = {
			isa = XCBuildConfiguration;
			buildSettings = {
				GCC_PRECOMPILE_PREFIX_HEADER = YES;
				GCC_PREFIX_HEADER = "CIALBrowserAsModal/CIALBrowserAsModal-Prefix.pch";
				INFOPLIST_FILE = "CIALBrowserAsModal/CIALBrowserAsModal-Info.plist";
				IPHONEOS_DEPLOYMENT_TARGET = 5.1;
				PRODUCT_NAME = "$(TARGET_NAME)";
				TARGETED_DEVICE_FAMILY = "1,2";
				WRAPPER_EXTENSION = app;
			};
			name = Release;
		};
/* End XCBuildConfiguration section */

/* Begin XCConfigurationList section */
		467453FA15176EEB00638AEC /* Build configuration list for PBXProject "CIALBrowserAsModal" */ = {
			isa = XCConfigurationList;
			buildConfigurations = (
				4674541C15176EEC00638AEC /* Debug */,
				4674541D15176EEC00638AEC /* Release */,
			);
			defaultConfigurationIsVisible = 0;
			defaultConfigurationName = Release;
		};
		4674541E15176EEC00638AEC /* Build configuration list for PBXNativeTarget "CIALBrowserAsModal" */ = {
			isa = XCConfigurationList;
			buildConfigurations = (
				4674541F15176EEC00638AEC /* Debug */,
				4674542015176EEC00638AEC /* Release */,
			);
			defaultConfigurationIsVisible = 0;
			defaultConfigurationName = Release;
		};
/* End XCConfigurationList section */
	};
	rootObject = 467453F715176EEB00638AEC /* Project object */;
}
